<?xml version="1.0" encoding="utf-8"?>
<Project ToolsVersion="4.0" xmlns="http://schemas.microsoft.com/developer/msbuild/2003">
  <ItemGroup>
    <Filter Include="include">
      <UniqueIdentifier>{93995380-89BD-4b04-88EB-625FBE52EBFB}</UniqueIdentifier>
      <Extensions>h;hh;hpp;hxx;h++;hm;inl;inc;ipp;xsd</Extensions>
    </Filter>
    <Filter Include="src">
      <UniqueIdentifier>{4FC737F1-C7A5-4376-A066-2A32D752A2FF}</UniqueIdentifier>
      <Extensions>cpp;c;cc;cxx;c++;cppm;ixx;def;odl;idl;hpj;bat;asm;asmx</Extensions>
    </Filter>
    <Filter Include="include\crashrpt">
      <UniqueIdentifier>{42e9a8f0-dab2-4bfc-9c50-720111d7978c}</UniqueIdentifier>
    </Filter>
    <Filter Include="resource">
      <UniqueIdentifier>{c934bb81-26ac-4503-8678-bf2de33f5147}</UniqueIdentifier>
    </Filter>
  </ItemGroup>
  <ItemGroup>
    <ClInclude Include="..\..\include\crashrpt\crashrpt.h">
      <Filter>include\crashrpt</Filter>
    </ClInclude>
    <ClInclude Include="..\..\src\crashrpt\CrashRptApp.h">
      <Filter>src</Filter>
    </ClInclude>
    <ClInclude Include="..\..\src\crashrpt\ErrorStack.h">
      <Filter>src</Filter>
    </ClInclude>
    <ClInclude Include="..\..\src\crashrpt\SharedMemory.h">
      <Filter>src</Filter>
    </ClInclude>
    <ClInclude Include="..\..\src\crashrpt\stdafx.h">
      <Filter>src</Filter>
    </ClInclude>
    <ClInclude Include="..\..\src\crashrpt\TestCrash.h">
      <Filter>src</Filter>
    </ClInclude>
    <ClInclude Include="..\..\src\crashrpt\Utility.h">
      <Filter>src</Filter>
    </ClInclude>
    <ClInclude Include="..\..\src\crashrpt\MiniDumpCreator.h">
      <Filter>src</Filter>
    </ClInclude>
    <ClInclude Include="..\..\src\crashrpt\IPCMessage.h">
      <Filter>src</Filter>
    </ClInclude>
    <ClInclude Include="resource.h">
      <Filter>resource</Filter>
    </ClInclude>
  </ItemGroup>
  <ItemGroup>
    <ClCompile Include="..\..\src\crashrpt\crashrpt.cpp">
      <Filter>src</Filter>
    </ClCompile>
    <ClCompile Include="..\..\src\crashrpt\dllmain.cpp">
      <Filter>src</Filter>
    </ClCompile>
    <ClCompile Include="..\..\src\crashrpt\ErrorStack.cpp">
      <Filter>src</Filter>
    </ClCompile>
    <ClCompile Include="..\..\src\crashrpt\SharedMemory.cpp">
      <Filter>src</Filter>
    </ClCompile>
    <ClCompile Include="..\..\src\crashrpt\stdafx.cpp">
      <Filter>src</Filter>
    </ClCompile>
    <ClCompile Include="..\..\src\crashrpt\TestCrash.cpp">
      <Filter>src</Filter>
    </ClCompile>
    <ClCompile Include="..\..\src\crashrpt\Utility.cpp">
      <Filter>src</Filter>
    </ClCompile>
    <ClCompile Include="..\..\src\crashrpt\CrashRptApp.cpp">
      <Filter>src</Filter>
    </ClCompile>
    <ClCompile Include="..\..\src\crashrpt\MiniDumpCreator.cpp">
      <Filter>src</Filter>
    </ClCompile>
  </ItemGroup>
  <ItemGroup>
    <ResourceCompile Include="crashrpt.rc">
      <Filter>resource</Filter>
    </ResourceCompile>
  </ItemGroup>
</Project>